{
  "name": "application-name",
  "version": "0.0.1",
  "lockfileVersion": 1,
  "requires": true,
  "dependencies": {
    "@angular/common": {
      "version": "2.3.0",
      "resolved": "https://registry.npmjs.org/@angular/common/-/common-2.3.0.tgz",
      "integrity": "sha1-FrADT+Q65wh1ND8j4Zg1Q17dEY4="
    },
    "@angular/compiler": {
      "version": "2.3.0",
      "resolved": "https://registry.npmjs.org/@angular/compiler/-/compiler-2.3.0.tgz",
      "integrity": "sha1-aOOa9TcoxdfmdioiX5ycaxc7tPw="
    },
    "@angular/core": {
      "version": "2.3.0",
      "resolved": "https://registry.npmjs.org/@angular/core/-/core-2.3.0.tgz",
      "integrity": "sha1-5gvTmFhNaUZ9B10AG3GDZBdKJTQ="
    },
    "@angular/platform-browser": {
      "version": "2.3.0",
      "resolved": "https://registry.npmjs.org/@angular/platform-browser/-/platform-browser-2.3.0.tgz",
      "integrity": "sha1-kyWTCc+06P2zns7KCyBfTK8ALmw="
    },
    "@angular/platform-browser-dynamic": {
      "version": "2.3.0",
      "resolved": "https://registry.npmjs.org/@angular/platform-browser-dynamic/-/platform-browser-dynamic-2.3.0.tgz",
      "integrity": "sha1-6BjT/HPMkjIwiRrKtrgCu939/zs="
    },
    "@angular/platform-webworker": {
      "version": "2.3.0",
      "resolved": "https://registry.npmjs.org/@angular/platform-webworker/-/platform-webworker-2.3.0.tgz",
      "integrity": "sha1-B0nC24M5m6EsT5bXr1vX/61IJEM="
    },
    "@angular/platform-webworker-dynamic": {
      "version": "2.3.0",
      "resolved": "https://registry.npmjs.org/@angular/platform-webworker-dynamic/-/platform-webworker-dynamic-2.3.0.tgz",
      "integrity": "sha1-mVBhZ5uFAxgx/yk2b6ndO42ilZA="
    },
    "es6-shim": {
      "version": "0.35.3",
      "resolved": "https://registry.npmjs.org/es6-shim/-/es6-shim-0.35.3.tgz",
      "integrity": "sha1-m/tzY/7//4emzbbNk+QF7DxLbyY="
    },
    "reflect-metadata": {
      "version": "0.1.10",
      "resolved": "https://registry.npmjs.org/reflect-metadata/-/reflect-metadata-0.1.10.tgz",
      "integrity": "sha1-tPg3BEFqytiZiMmxVjXUfgO5NEo="
    },
    "rxjs": {
      "version": "5.0.0-rc.4",
      "resolved": "https://registry.npmjs.org/rxjs/-/rxjs-5.0.0-rc.4.tgz",
      "integrity": "sha1-pNCLxdfzDUjtcTDimVSQwyajJcQ=",
      "requires": {
        "symbol-observable": "1.0.4"
      }
    },
    "symbol-observable": {
      "version": "1.0.4",
      "resolved": "https://registry.npmjs.org/symbol-observable/-/symbol-observable-1.0.4.tgz",
      "integrity": "sha1-Kb9hXUqnEhvdiYsi1LP5vE4qoD0="
    },
    "systemjs": {
      "version": "0.19.27",
      "resolved": "https://registry.npmjs.org/systemjs/-/systemjs-0.19.27.tgz",
      "integrity": "sha1-8XQNVlzmQ3GsDecHKk0eVHG6e6I=",
      "requires": {
        "when": "3.7.8"
      }
    },
    "when": {
      "version": "3.7.8",
      "resolved": "https://registry.npmjs.org/when/-/when-3.7.8.tgz",
      "integrity": "sha1-xxMLan6gRpPoQs3J56Hyqjmjn4I="
    },
    "zone.js": {
      "version": "0.7.8",
      "resolved": "https://registry.npmjs.org/zone.js/-/zone.js-0.7.8.tgz",
      "integrity": "sha1-Tz/og01EWX8mOQU6D6Q43zT//e0="
    }
  }
}
